
Microsoft Visual Studio Solution File, Format Version 12.00
# Visual Studio Version 16
VisualStudioVersion = 16.0.29009.5
MinimumVisualStudioVersion = 10.0.40219.1
Project("{9092AA53-FB77-4645-B42D-1CCCA6BD08BD}") = "Ts2Js", "Ts2Js.njsproj", "{0400168F-4110-4068-A889-A7DB636B7C24}"
EndProject
Global
	GlobalSection(SolutionConfigurationPlatforms) = preSolution
		Debug|Any CPU = Debug|Any CPU
		Release|Any CPU = Release|Any CPU
	EndGlobalSection
	GlobalSection(ProjectConfigurationPlatforms) = postSolution
		{0400168F-4110-4068-A889-A7DB636B7C24}.Debug|Any CPU.ActiveCfg = Debug|Any CPU
		{0400168F-4110-4068-A889-A7DB636B7C24}.Debug|Any CPU.Build.0 = Debug|Any CPU
		{0400168F-4110-4068-A889-A7DB636B7C24}.Release|Any CPU.ActiveCfg = Release|Any CPU
		{0400168F-4110-4068-A889-A7DB636B7C24}.Release|Any CPU.Build.0 = Release|Any CPU
	EndGlobalSection
	GlobalSection(SolutionProperties) = preSolution
		HideSolutionNode = FALSE
	EndGlobalSection
	GlobalSection(ExtensibilityGlobals) = postSolution
		SolutionGuid = {BB1EB96B-3C67-4FCC-9ADA-855F30CC1205}
	EndGlobalSection
EndGlobal
